
Microsoft Visual Studio Solution File, Format Version 12.00
# Visual Studio Version 16
VisualStudioVersion = 16.0.31729.503
MinimumVisualStudioVersion = 10.0.40219.1
Project("{FAE04EC0-301F-11D3-BF4B-00C04F79EFBC}") = "HR_Department_IdentityServer4", "HR_Department_IdentityServer4\HR_Department_IdentityServer4.csproj", "{BEFB58D0-6840-40EF-B92A-AE222EFB5CE7}"
EndProject
Global
	GlobalSection(SolutionConfigurationPlatforms) = preSolution
		Debug|Any CPU = Debug|Any CPU
		Release|Any CPU = Release|Any CPU
	EndGlobalSection
	GlobalSection(ProjectConfigurationPlatforms) = postSolution
		{BEFB58D0-6840-40EF-B92A-AE222EFB5CE7}.Debug|Any CPU.ActiveCfg = Debug|Any CPU
		{BEFB58D0-6840-40EF-B92A-AE222EFB5CE7}.Debug|Any CPU.Build.0 = Debug|Any CPU
		{BEFB58D0-6840-40EF-B92A-AE222EFB5CE7}.Release|Any CPU.ActiveCfg = Release|Any CPU
		{BEFB58D0-6840-40EF-B92A-AE222EFB5CE7}.Release|Any CPU.Build.0 = Release|Any CPU
	EndGlobalSection
	GlobalSection(SolutionProperties) = preSolution
		HideSolutionNode = FALSE
	EndGlobalSection
	GlobalSection(ExtensibilityGlobals) = postSolution
		SolutionGuid = {A8B75F8B-AD1C-4B6D-895E-3B83F093FF56}
	EndGlobalSection
EndGlobal
